// !$*UTF8*$!
{
	archiveVersion = 1;
	classes = {
	};
	objectVersion = 56;
	objects = {

/* Begin PBXBuildFile section */
		0538BDD02BD4BD520050C268 /* AstroPixApp.swift in Sources */ = {isa = PBXBuildFile; fileRef = 0538BDCF2BD4BD520050C268 /* AstroPixApp.swift */; };
		0538BDD22BD4BD520050C268 /* ContentView.swift in Sources */ = {isa = PBXBuildFile; fileRef = 0538BDD12BD4BD520050C268 /* ContentView.swift */; };
		0538BDD42BD4BD550050C268 /* Assets.xcassets in Resources */ = {isa = PBXBuildFile; fileRef = 0538BDD32BD4BD550050C268 /* Assets.xcassets */; };
		0538BDD72BD4BD550050C268 /* Preview Assets.xcassets in Resources */ = {isa = PBXBuildFile; fileRef = 0538BDD62BD4BD550050C268 /* Preview Assets.xcassets */; };
		0538BDE12BD4BD570050C268 /* AstroPixTests.swift in Sources */ = {isa = PBXBuildFile; fileRef = 0538BDE02BD4BD570050C268 /* AstroPixTests.swift */; };
		0538BDEB2BD4BD570050C268 /* AstroPixUITests.swift in Sources */ = {isa = PBXBuildFile; fileRef = 0538BDEA2BD4BD570050C268 /* AstroPixUITests.swift */; };
		0538BDED2BD4BD570050C268 /* AstroPixUITestsLaunchTests.swift in Sources */ = {isa = PBXBuildFile; fileRef = 0538BDEC2BD4BD570050C268 /* AstroPixUITestsLaunchTests.swift */; };
		05F0A4542BD583D200A2777D /* ListView.swift in Sources */ = {isa = PBXBuildFile; fileRef = 05F0A4532BD583D200A2777D /* ListView.swift */; };
		05F0A4562BD584D500A2777D /* ListViewModel.swift in Sources */ = {isa = PBXBuildFile; fileRef = 05F0A4552BD584D500A2777D /* ListViewModel.swift */; };
		05F0A4662BD58E2B00A2777D /* DetailView.swift in Sources */ = {isa = PBXBuildFile; fileRef = 05F0A4652BD58E2B00A2777D /* DetailView.swift */; };
		05F0A4702BD593A700A2777D /* ApodModel.swift in Sources */ = {isa = PBXBuildFile; fileRef = 05F0A46F2BD593A700A2777D /* ApodModel.swift */; };
		05F0A48B2BD5A24000A2777D /* DetailViewModel.swift in Sources */ = {isa = PBXBuildFile; fileRef = 05F0A48A2BD5A24000A2777D /* DetailViewModel.swift */; };
		05F0A48E2BD5A66400A2777D /* LoadingView.swift in Sources */ = {isa = PBXBuildFile; fileRef = 05F0A48D2BD5A66400A2777D /* LoadingView.swift */; };
		05F0A4902BD5A67100A2777D /* ErrorView.swift in Sources */ = {isa = PBXBuildFile; fileRef = 05F0A48F2BD5A67100A2777D /* ErrorView.swift */; };
		05F0A4AD2BD5D94A00A2777D /* NetworkError.swift in Sources */ = {isa = PBXBuildFile; fileRef = 05F0A4AC2BD5D94A00A2777D /* NetworkError.swift */; };
		05F0A4AF2BD5DA7900A2777D /* Networker.swift in Sources */ = {isa = PBXBuildFile; fileRef = 05F0A4AE2BD5DA7900A2777D /* Networker.swift */; };
		05F0A4B12BD5E01400A2777D /* Constants.swift in Sources */ = {isa = PBXBuildFile; fileRef = 05F0A4B02BD5E01400A2777D /* Constants.swift */; };
		05F0A4B42BD5E56D00A2777D /* Endpoint+URL.swift in Sources */ = {isa = PBXBuildFile; fileRef = 05F0A4B32BD5E56D00A2777D /* Endpoint+URL.swift */; };
		05F0A4B62BD5E79900A2777D /* ApodServiceProtocol.swift in Sources */ = {isa = PBXBuildFile; fileRef = 05F0A4B52BD5E79900A2777D /* ApodServiceProtocol.swift */; };
		05F0A4B82BD5E7A600A2777D /* ApodService.swift in Sources */ = {isa = PBXBuildFile; fileRef = 05F0A4B72BD5E7A600A2777D /* ApodService.swift */; };
/* End PBXBuildFile section */

/* Begin PBXContainerItemProxy section */
		0538BDDD2BD4BD570050C268 /* PBXContainerItemProxy */ = {
			isa = PBXContainerItemProxy;
			containerPortal = 0538BDC42BD4BD520050C268 /* Project object */;
			proxyType = 1;
			remoteGlobalIDString = 0538BDCB2BD4BD520050C268;
			remoteInfo = AstroPix;
		};
		0538BDE72BD4BD570050C268 /* PBXContainerItemProxy */ = {
			isa = PBXContainerItemProxy;
			containerPortal = 0538BDC42BD4BD520050C268 /* Project object */;
			proxyType = 1;
			remoteGlobalIDString = 0538BDCB2BD4BD520050C268;
			remoteInfo = AstroPix;
		};
/* End PBXContainerItemProxy section */

/* Begin PBXFileReference section */
		0538BDCC2BD4BD520050C268 /* AstroPix.app */ = {isa = PBXFileReference; explicitFileType = wrapper.application; includeInIndex = 0; path = AstroPix.app; sourceTree = BUILT_PRODUCTS_DIR; };
		0538BDCF2BD4BD520050C268 /* AstroPixApp.swift */ = {isa = PBXFileReference; lastKnownFileType = sourcecode.swift; path = AstroPixApp.swift; sourceTree = "<group>"; };
		0538BDD12BD4BD520050C268 /* ContentView.swift */ = {isa = PBXFileReference; lastKnownFileType = sourcecode.swift; path = ContentView.swift; sourceTree = "<group>"; };
		0538BDD32BD4BD550050C268 /* Assets.xcassets */ = {isa = PBXFileReference; lastKnownFileType = folder.assetcatalog; path = Assets.xcassets; sourceTree = "<group>"; };
		0538BDD62BD4BD550050C268 /* Preview Assets.xcassets */ = {isa = PBXFileReference; lastKnownFileType = folder.assetcatalog; path = "Preview Assets.xcassets"; sourceTree = "<group>"; };
		0538BDDC2BD4BD570050C268 /* AstroPixTests.xctest */ = {isa = PBXFileReference; explicitFileType = wrapper.cfbundle; includeInIndex = 0; path = AstroPixTests.xctest; sourceTree = BUILT_PRODUCTS_DIR; };
		0538BDE02BD4BD570050C268 /* AstroPixTests.swift */ = {isa = PBXFileReference; lastKnownFileType = sourcecode.swift; path = AstroPixTests.swift; sourceTree = "<group>"; };
		0538BDE62BD4BD570050C268 /* AstroPixUITests.xctest */ = {isa = PBXFileReference; explicitFileType = wrapper.cfbundle; includeInIndex = 0; path = AstroPixUITests.xctest; sourceTree = BUILT_PRODUCTS_DIR; };
		0538BDEA2BD4BD570050C268 /* AstroPixUITests.swift */ = {isa = PBXFileReference; lastKnownFileType = sourcecode.swift; path = AstroPixUITests.swift; sourceTree = "<group>"; };
		0538BDEC2BD4BD570050C268 /* AstroPixUITestsLaunchTests.swift */ = {isa = PBXFileReference; lastKnownFileType = sourcecode.swift; path = AstroPixUITestsLaunchTests.swift; sourceTree = "<group>"; };
		05F0A4532BD583D200A2777D /* ListView.swift */ = {isa = PBXFileReference; lastKnownFileType = sourcecode.swift; path = ListView.swift; sourceTree = "<group>"; };
		05F0A4552BD584D500A2777D /* ListViewModel.swift */ = {isa = PBXFileReference; lastKnownFileType = sourcecode.swift; path = ListViewModel.swift; sourceTree = "<group>"; };
		05F0A4652BD58E2B00A2777D /* DetailView.swift */ = {isa = PBXFileReference; lastKnownFileType = sourcecode.swift; path = DetailView.swift; sourceTree = "<group>"; };
		05F0A46F2BD593A700A2777D /* ApodModel.swift */ = {isa = PBXFileReference; lastKnownFileType = sourcecode.swift; path = ApodModel.swift; sourceTree = "<group>"; };
		05F0A48A2BD5A24000A2777D /* DetailViewModel.swift */ = {isa = PBXFileReference; lastKnownFileType = sourcecode.swift; path = DetailViewModel.swift; sourceTree = "<group>"; };
		05F0A48D2BD5A66400A2777D /* LoadingView.swift */ = {isa = PBXFileReference; lastKnownFileType = sourcecode.swift; path = LoadingView.swift; sourceTree = "<group>"; };
		05F0A48F2BD5A67100A2777D /* ErrorView.swift */ = {isa = PBXFileReference; lastKnownFileType = sourcecode.swift; path = ErrorView.swift; sourceTree = "<group>"; };
		05F0A4AC2BD5D94A00A2777D /* NetworkError.swift */ = {isa = PBXFileReference; lastKnownFileType = sourcecode.swift; path = NetworkError.swift; sourceTree = "<group>"; };
		05F0A4AE2BD5DA7900A2777D /* Networker.swift */ = {isa = PBXFileReference; lastKnownFileType = sourcecode.swift; path = Networker.swift; sourceTree = "<group>"; };
		05F0A4B02BD5E01400A2777D /* Constants.swift */ = {isa = PBXFileReference; lastKnownFileType = sourcecode.swift; path = Constants.swift; sourceTree = "<group>"; };
		05F0A4B32BD5E56D00A2777D /* Endpoint+URL.swift */ = {isa = PBXFileReference; lastKnownFileType = sourcecode.swift; path = "Endpoint+URL.swift"; sourceTree = "<group>"; };
		05F0A4B52BD5E79900A2777D /* ApodServiceProtocol.swift */ = {isa = PBXFileReference; lastKnownFileType = sourcecode.swift; path = ApodServiceProtocol.swift; sourceTree = "<group>"; };
		05F0A4B72BD5E7A600A2777D /* ApodService.swift */ = {isa = PBXFileReference; lastKnownFileType = sourcecode.swift; path = ApodService.swift; sourceTree = "<group>"; };
/* End PBXFileReference section */

/* Begin PBXFrameworksBuildPhase section */
		0538BDC92BD4BD520050C268 /* Frameworks */ = {
			isa = PBXFrameworksBuildPhase;
			buildActionMask = 2147483647;
			files = (
			);
			runOnlyForDeploymentPostprocessing = 0;
		};
		0538BDD92BD4BD570050C268 /* Frameworks */ = {
			isa = PBXFrameworksBuildPhase;
			buildActionMask = 2147483647;
			files = (
			);
			runOnlyForDeploymentPostprocessing = 0;
		};
		0538BDE32BD4BD570050C268 /* Frameworks */ = {
			isa = PBXFrameworksBuildPhase;
			buildActionMask = 2147483647;
			files = (
			);
			runOnlyForDeploymentPostprocessing = 0;
		};
/* End PBXFrameworksBuildPhase section */

/* Begin PBXGroup section */
		0538BDC32BD4BD520050C268 = {
			isa = PBXGroup;
			children = (
				0538BDCE2BD4BD520050C268 /* AstroPix */,
				0538BDDF2BD4BD570050C268 /* AstroPixTests */,
				0538BDE92BD4BD570050C268 /* AstroPixUITests */,
				0538BDCD2BD4BD520050C268 /* Products */,
			);
			sourceTree = "<group>";
		};
		0538BDCD2BD4BD520050C268 /* Products */ = {
			isa = PBXGroup;
			children = (
				0538BDCC2BD4BD520050C268 /* AstroPix.app */,
				0538BDDC2BD4BD570050C268 /* AstroPixTests.xctest */,
				0538BDE62BD4BD570050C268 /* AstroPixUITests.xctest */,
			);
			name = Products;
			sourceTree = "<group>";
		};
		0538BDCE2BD4BD520050C268 /* AstroPix */ = {
			isa = PBXGroup;
			children = (
				05F0A44C2BD559ED00A2777D /* App */,
				05F0A44D2BD55A0000A2777D /* Presentation */,
				05F0A44E2BD55A1400A2777D /* Business Logic */,
				05F0A44F2BD55A2200A2777D /* Core */,
				0538BDD32BD4BD550050C268 /* Assets.xcassets */,
				0538BDD52BD4BD550050C268 /* Preview Content */,
			);
			path = AstroPix;
			sourceTree = "<group>";
		};
		0538BDD52BD4BD550050C268 /* Preview Content */ = {
			isa = PBXGroup;
			children = (
				0538BDD62BD4BD550050C268 /* Preview Assets.xcassets */,
			);
			path = "Preview Content";
			sourceTree = "<group>";
		};
		0538BDDF2BD4BD570050C268 /* AstroPixTests */ = {
			isa = PBXGroup;
			children = (
				0538BDE02BD4BD570050C268 /* AstroPixTests.swift */,
			);
			path = AstroPixTests;
			sourceTree = "<group>";
		};
		0538BDE92BD4BD570050C268 /* AstroPixUITests */ = {
			isa = PBXGroup;
			children = (
				0538BDEA2BD4BD570050C268 /* AstroPixUITests.swift */,
				0538BDEC2BD4BD570050C268 /* AstroPixUITestsLaunchTests.swift */,
			);
			path = AstroPixUITests;
			sourceTree = "<group>";
		};
		05F0A44C2BD559ED00A2777D /* App */ = {
			isa = PBXGroup;
			children = (
				0538BDCF2BD4BD520050C268 /* AstroPixApp.swift */,
				0538BDD12BD4BD520050C268 /* ContentView.swift */,
			);
			path = App;
			sourceTree = "<group>";
		};
		05F0A44D2BD55A0000A2777D /* Presentation */ = {
			isa = PBXGroup;
			children = (
				05F0A4512BD55BC400A2777D /* List */,
				05F0A4522BD55BCB00A2777D /* Details */,
			);
			path = Presentation;
			sourceTree = "<group>";
		};
		05F0A44E2BD55A1400A2777D /* Business Logic */ = {
			isa = PBXGroup;
			children = (
				05F0A4B22BD5E54A00A2777D /* Endpoints */,
				05F0A46C2BD592F300A2777D /* Models */,
				05F0A46B2BD592EA00A2777D /* Services */,
			);
			path = "Business Logic";
			sourceTree = "<group>";
		};
		05F0A44F2BD55A2200A2777D /* Core */ = {
			isa = PBXGroup;
			children = (
				05F0A48C2BD5A64000A2777D /* StateViews */,
				05F0A46D2BD5930900A2777D /* Networking */,
			);
			path = Core;
			sourceTree = "<group>";
		};
		05F0A4512BD55BC400A2777D /* List */ = {
			isa = PBXGroup;
			children = (
				05F0A4532BD583D200A2777D /* ListView.swift */,
				05F0A4552BD584D500A2777D /* ListViewModel.swift */,
			);
			path = List;
			sourceTree = "<group>";
		};
		05F0A4522BD55BCB00A2777D /* Details */ = {
			isa = PBXGroup;
			children = (
				05F0A4652BD58E2B00A2777D /* DetailView.swift */,
				05F0A48A2BD5A24000A2777D /* DetailViewModel.swift */,
			);
			path = Details;
			sourceTree = "<group>";
		};
		05F0A46B2BD592EA00A2777D /* Services */ = {
			isa = PBXGroup;
			children = (
				05F0A4B52BD5E79900A2777D /* ApodServiceProtocol.swift */,
				05F0A4B72BD5E7A600A2777D /* ApodService.swift */,
			);
			path = Services;
			sourceTree = "<group>";
		};
		05F0A46C2BD592F300A2777D /* Models */ = {
			isa = PBXGroup;
			children = (
				05F0A46F2BD593A700A2777D /* ApodModel.swift */,
			);
			path = Models;
			sourceTree = "<group>";
		};
		05F0A46D2BD5930900A2777D /* Networking */ = {
			isa = PBXGroup;
			children = (
				05F0A4AC2BD5D94A00A2777D /* NetworkError.swift */,
				05F0A4AE2BD5DA7900A2777D /* Networker.swift */,
				05F0A4B02BD5E01400A2777D /* Constants.swift */,
			);
			path = Networking;
			sourceTree = "<group>";
		};
		05F0A48C2BD5A64000A2777D /* StateViews */ = {
			isa = PBXGroup;
			children = (
				05F0A48D2BD5A66400A2777D /* LoadingView.swift */,
				05F0A48F2BD5A67100A2777D /* ErrorView.swift */,
			);
			path = StateViews;
			sourceTree = "<group>";
		};
		05F0A4B22BD5E54A00A2777D /* Endpoints */ = {
			isa = PBXGroup;
			children = (
				05F0A4B32BD5E56D00A2777D /* Endpoint+URL.swift */,
			);
			path = Endpoints;
			sourceTree = "<group>";
		};
/* End PBXGroup section */

/* Begin PBXNativeTarget section */
		0538BDCB2BD4BD520050C268 /* AstroPix */ = {
			isa = PBXNativeTarget;
			buildConfigurationList = 0538BDF02BD4BD570050C268 /* Build configuration list for PBXNativeTarget "AstroPix" */;
			buildPhases = (
				0538BDC82BD4BD520050C268 /* Sources */,
				0538BDC92BD4BD520050C268 /* Frameworks */,
				0538BDCA2BD4BD520050C268 /* Resources */,
			);
			buildRules = (
			);
			dependencies = (
			);
			name = AstroPix;
			productName = AstroPix;
			productReference = 0538BDCC2BD4BD520050C268 /* AstroPix.app */;
			productType = "com.apple.product-type.application";
		};
		0538BDDB2BD4BD570050C268 /* AstroPixTests */ = {
			isa = PBXNativeTarget;
			buildConfigurationList = 0538BDF32BD4BD570050C268 /* Build configuration list for PBXNativeTarget "AstroPixTests" */;
			buildPhases = (
				0538BDD82BD4BD570050C268 /* Sources */,
				0538BDD92BD4BD570050C268 /* Frameworks */,
				0538BDDA2BD4BD570050C268 /* Resources */,
			);
			buildRules = (
			);
			dependencies = (
				0538BDDE2BD4BD570050C268 /* PBXTargetDependency */,
			);
			name = AstroPixTests;
			productName = AstroPixTests;
			productReference = 0538BDDC2BD4BD570050C268 /* AstroPixTests.xctest */;
			productType = "com.apple.product-type.bundle.unit-test";
		};
		0538BDE52BD4BD570050C268 /* AstroPixUITests */ = {
			isa = PBXNativeTarget;
			buildConfigurationList = 0538BDF62BD4BD570050C268 /* Build configuration list for PBXNativeTarget "AstroPixUITests" */;
			buildPhases = (
				0538BDE22BD4BD570050C268 /* Sources */,
				0538BDE32BD4BD570050C268 /* Frameworks */,
				0538BDE42BD4BD570050C268 /* Resources */,
			);
			buildRules = (
			);
			dependencies = (
				0538BDE82BD4BD570050C268 /* PBXTargetDependency */,
			);
			name = AstroPixUITests;
			productName = AstroPixUITests;
			productReference = 0538BDE62BD4BD570050C268 /* AstroPixUITests.xctest */;
			productType = "com.apple.product-type.bundle.ui-testing";
		};
/* End PBXNativeTarget section */

/* Begin PBXProject section */
		0538BDC42BD4BD520050C268 /* Project object */ = {
			isa = PBXProject;
			attributes = {
				BuildIndependentTargetsInParallel = 1;
				LastSwiftUpdateCheck = 1530;
				LastUpgradeCheck = 1530;
				TargetAttributes = {
					0538BDCB2BD4BD520050C268 = {
						CreatedOnToolsVersion = 15.3;
					};
					0538BDDB2BD4BD570050C268 = {
						CreatedOnToolsVersion = 15.3;
						TestTargetID = 0538BDCB2BD4BD520050C268;
					};
					0538BDE52BD4BD570050C268 = {
						CreatedOnToolsVersion = 15.3;
						TestTargetID = 0538BDCB2BD4BD520050C268;
					};
				};
			};
			buildConfigurationList = 0538BDC72BD4BD520050C268 /* Build configuration list for PBXProject "AstroPix" */;
			compatibilityVersion = "Xcode 14.0";
			developmentRegion = en;
			hasScannedForEncodings = 0;
			knownRegions = (
				en,
				Base,
			);
			mainGroup = 0538BDC32BD4BD520050C268;
			productRefGroup = 0538BDCD2BD4BD520050C268 /* Products */;
			projectDirPath = "";
			projectRoot = "";
			targets = (
				0538BDCB2BD4BD520050C268 /* AstroPix */,
				0538BDDB2BD4BD570050C268 /* AstroPixTests */,
				0538BDE52BD4BD570050C268 /* AstroPixUITests */,
			);
		};
/* End PBXProject section */

/* Begin PBXResourcesBuildPhase section */
		0538BDCA2BD4BD520050C268 /* Resources */ = {
			isa = PBXResourcesBuildPhase;
			buildActionMask = 2147483647;
			files = (
				0538BDD72BD4BD550050C268 /* Preview Assets.xcassets in Resources */,
				0538BDD42BD4BD550050C268 /* Assets.xcassets in Resources */,
			);
			runOnlyForDeploymentPostprocessing = 0;
		};
		0538BDDA2BD4BD570050C268 /* Resources */ = {
			isa = PBXResourcesBuildPhase;
			buildActionMask = 2147483647;
			files = (
			);
			runOnlyForDeploymentPostprocessing = 0;
		};
		0538BDE42BD4BD570050C268 /* Resources */ = {
			isa = PBXResourcesBuildPhase;
			buildActionMask = 2147483647;
			files = (
			);
			runOnlyForDeploymentPostprocessing = 0;
		};
/* End PBXResourcesBuildPhase section */

/* Begin PBXSourcesBuildPhase section */
		0538BDC82BD4BD520050C268 /* Sources */ = {
			isa = PBXSourcesBuildPhase;
			buildActionMask = 2147483647;
			files = (
				0538BDD22BD4BD520050C268 /* ContentView.swift in Sources */,
				0538BDD02BD4BD520050C268 /* AstroPixApp.swift in Sources */,
				05F0A4B82BD5E7A600A2777D /* ApodService.swift in Sources */,
				05F0A48B2BD5A24000A2777D /* DetailViewModel.swift in Sources */,
				05F0A4562BD584D500A2777D /* ListViewModel.swift in Sources */,
				05F0A4702BD593A700A2777D /* ApodModel.swift in Sources */,
				05F0A48E2BD5A66400A2777D /* LoadingView.swift in Sources */,
				05F0A4662BD58E2B00A2777D /* DetailView.swift in Sources */,
				05F0A4B42BD5E56D00A2777D /* Endpoint+URL.swift in Sources */,
				05F0A4902BD5A67100A2777D /* ErrorView.swift in Sources */,
				05F0A4B62BD5E79900A2777D /* ApodServiceProtocol.swift in Sources */,
				05F0A4542BD583D200A2777D /* ListView.swift in Sources */,
				05F0A4AD2BD5D94A00A2777D /* NetworkError.swift in Sources */,
				05F0A4AF2BD5DA7900A2777D /* Networker.swift in Sources */,
				05F0A4B12BD5E01400A2777D /* Constants.swift in Sources */,
			);
			runOnlyForDeploymentPostprocessing = 0;
		};
		0538BDD82BD4BD570050C268 /* Sources */ = {
			isa = PBXSourcesBuildPhase;
			buildActionMask = 2147483647;
			files = (
				0538BDE12BD4BD570050C268 /* AstroPixTests.swift in Sources */,
			);
			runOnlyForDeploymentPostprocessing = 0;
		};
		0538BDE22BD4BD570050C268 /* Sources */ = {
			isa = PBXSourcesBuildPhase;
			buildActionMask = 2147483647;
			files = (
				0538BDED2BD4BD570050C268 /* AstroPixUITestsLaunchTests.swift in Sources */,
				0538BDEB2BD4BD570050C268 /* AstroPixUITests.swift in Sources */,
			);
			runOnlyForDeploymentPostprocessing = 0;
		};
/* End PBXSourcesBuildPhase section */

/* Begin PBXTargetDependency section */
		0538BDDE2BD4BD570050C268 /* PBXTargetDependency */ = {
			isa = PBXTargetDependency;
			target = 0538BDCB2BD4BD520050C268 /* AstroPix */;
			targetProxy = 0538BDDD2BD4BD570050C268 /* PBXContainerItemProxy */;
		};
		0538BDE82BD4BD570050C268 /* PBXTargetDependency */ = {
			isa = PBXTargetDependency;
			target = 0538BDCB2BD4BD520050C268 /* AstroPix */;
			targetProxy = 0538BDE72BD4BD570050C268 /* PBXContainerItemProxy */;
		};
/* End PBXTargetDependency section */

/* Begin XCBuildConfiguration section */
		0538BDEE2BD4BD570050C268 /* Debug */ = {
			isa = XCBuildConfiguration;
			buildSettings = {
				ALWAYS_SEARCH_USER_PATHS = NO;
				ASSETCATALOG_COMPILER_GENERATE_SWIFT_ASSET_SYMBOL_EXTENSIONS = YES;
				CLANG_ANALYZER_NONNULL = YES;
				CLANG_ANALYZER_NUMBER_OBJECT_CONVERSION = YES_AGGRESSIVE;
				CLANG_CXX_LANGUAGE_STANDARD = "gnu++20";
				CLANG_ENABLE_MODULES = YES;
				CLANG_ENABLE_OBJC_ARC = YES;
				CLANG_ENABLE_OBJC_WEAK = YES;
				CLANG_WARN_BLOCK_CAPTURE_AUTORELEASING = YES;
				CLANG_WARN_BOOL_CONVERSION = YES;
				CLANG_WARN_COMMA = YES;
				CLANG_WARN_CONSTANT_CONVERSION = YES;
				CLANG_WARN_DEPRECATED_OBJC_IMPLEMENTATIONS = YES;
				CLANG_WARN_DIRECT_OBJC_ISA_USAGE = YES_ERROR;
				CLANG_WARN_DOCUMENTATION_COMMENTS = YES;
				CLANG_WARN_EMPTY_BODY = YES;
				CLANG_WARN_ENUM_CONVERSION = YES;
				CLANG_WARN_INFINITE_RECURSION = YES;
				CLANG_WARN_INT_CONVERSION = YES;
				CLANG_WARN_NON_LITERAL_NULL_CONVERSION = YES;
				CLANG_WARN_OBJC_IMPLICIT_RETAIN_SELF = YES;
				CLANG_WARN_OBJC_LITERAL_CONVERSION = YES;
				CLANG_WARN_OBJC_ROOT_CLASS = YES_ERROR;
				CLANG_WARN_QUOTED_INCLUDE_IN_FRAMEWORK_HEADER = YES;
				CLANG_WARN_RANGE_LOOP_ANALYSIS = YES;
				CLANG_WARN_STRICT_PROTOTYPES = YES;
				CLANG_WARN_SUSPICIOUS_MOVE = YES;
				CLANG_WARN_UNGUARDED_AVAILABILITY = YES_AGGRESSIVE;
				CLANG_WARN_UNREACHABLE_CODE = YES;
				CLANG_WARN__DUPLICATE_METHOD_MATCH = YES;
				COPY_PHASE_STRIP = NO;
				DEBUG_INFORMATION_FORMAT = dwarf;
				ENABLE_STRICT_OBJC_MSGSEND = YES;
				ENABLE_TESTABILITY = YES;
				ENABLE_USER_SCRIPT_SANDBOXING = YES;
				GCC_C_LANGUAGE_STANDARD = gnu17;
				GCC_DYNAMIC_NO_PIC = NO;
				GCC_NO_COMMON_BLOCKS = YES;
				GCC_OPTIMIZATION_LEVEL = 0;
				GCC_PREPROCESSOR_DEFINITIONS = (
					"DEBUG=1",
					"$(inherited)",
				);
				GCC_WARN_64_TO_32_BIT_CONVERSION = YES;
				GCC_WARN_ABOUT_RETURN_TYPE = YES_ERROR;
				GCC_WARN_UNDECLARED_SELECTOR = YES;
				GCC_WARN_UNINITIALIZED_AUTOS = YES_AGGRESSIVE;
				GCC_WARN_UNUSED_FUNCTION = YES;
				GCC_WARN_UNUSED_VARIABLE = YES;
				IPHONEOS_DEPLOYMENT_TARGET = 15.0;
				LOCALIZATION_PREFERS_STRING_CATALOGS = YES;
				MTL_ENABLE_DEBUG_INFO = INCLUDE_SOURCE;
				MTL_FAST_MATH = YES;
				ONLY_ACTIVE_ARCH = YES;
				SDKROOT = iphoneos;
				SWIFT_ACTIVE_COMPILATION_CONDITIONS = "DEBUG $(inherited)";
				SWIFT_OPTIMIZATION_LEVEL = "-Onone";
			};
			name = Debug;
		};
		0538BDEF2BD4BD570050C268 /* Release */ = {
			isa = XCBuildConfiguration;
			buildSettings = {
				ALWAYS_SEARCH_USER_PATHS = NO;
				ASSETCATALOG_COMPILER_GENERATE_SWIFT_ASSET_SYMBOL_EXTENSIONS = YES;
				CLANG_ANALYZER_NONNULL = YES;
				CLANG_ANALYZER_NUMBER_OBJECT_CONVERSION = YES_AGGRESSIVE;
				CLANG_CXX_LANGUAGE_STANDARD = "gnu++20";
				CLANG_ENABLE_MODULES = YES;
				CLANG_ENABLE_OBJC_ARC = YES;
				CLANG_ENABLE_OBJC_WEAK = YES;
				CLANG_WARN_BLOCK_CAPTURE_AUTORELEASING = YES;
				CLANG_WARN_BOOL_CONVERSION = YES;
				CLANG_WARN_COMMA = YES;
				CLANG_WARN_CONSTANT_CONVERSION = YES;
				CLANG_WARN_DEPRECATED_OBJC_IMPLEMENTATIONS = YES;
				CLANG_WARN_DIRECT_OBJC_ISA_USAGE = YES_ERROR;
				CLANG_WARN_DOCUMENTATION_COMMENTS = YES;
				CLANG_WARN_EMPTY_BODY = YES;
				CLANG_WARN_ENUM_CONVERSION = YES;
				CLANG_WARN_INFINITE_RECURSION = YES;
				CLANG_WARN_INT_CONVERSION = YES;
				CLANG_WARN_NON_LITERAL_NULL_CONVERSION = YES;
				CLANG_WARN_OBJC_IMPLICIT_RETAIN_SELF = YES;
				CLANG_WARN_OBJC_LITERAL_CONVERSION = YES;
				CLANG_WARN_OBJC_ROOT_CLASS = YES_ERROR;
				CLANG_WARN_QUOTED_INCLUDE_IN_FRAMEWORK_HEADER = YES;
				CLANG_WARN_RANGE_LOOP_ANALYSIS = YES;
				CLANG_WARN_STRICT_PROTOTYPES = YES;
				CLANG_WARN_SUSPICIOUS_MOVE = YES;
				CLANG_WARN_UNGUARDED_AVAILABILITY = YES_AGGRESSIVE;
				CLANG_WARN_UNREACHABLE_CODE = YES;
				CLANG_WARN__DUPLICATE_METHOD_MATCH = YES;
				COPY_PHASE_STRIP = NO;
				DEBUG_INFORMATION_FORMAT = "dwarf-with-dsym";
				ENABLE_NS_ASSERTIONS = NO;
				ENABLE_STRICT_OBJC_MSGSEND = YES;
				ENABLE_USER_SCRIPT_SANDBOXING = YES;
				GCC_C_LANGUAGE_STANDARD = gnu17;
				GCC_NO_COMMON_BLOCKS = YES;
				GCC_WARN_64_TO_32_BIT_CONVERSION = YES;
				GCC_WARN_ABOUT_RETURN_TYPE = YES_ERROR;
				GCC_WARN_UNDECLARED_SELECTOR = YES;
				GCC_WARN_UNINITIALIZED_AUTOS = YES_AGGRESSIVE;
				GCC_WARN_UNUSED_FUNCTION = YES;
				GCC_WARN_UNUSED_VARIABLE = YES;
				IPHONEOS_DEPLOYMENT_TARGET = 15.0;
				LOCALIZATION_PREFERS_STRING_CATALOGS = YES;
				MTL_ENABLE_DEBUG_INFO = NO;
				MTL_FAST_MATH = YES;
				SDKROOT = iphoneos;
				SWIFT_COMPILATION_MODE = wholemodule;
				VALIDATE_PRODUCT = YES;
			};
			name = Release;
		};
		0538BDF12BD4BD570050C268 /* Debug */ = {
			isa = XCBuildConfiguration;
			buildSettings = {
				ASSETCATALOG_COMPILER_APPICON_NAME = AppIcon;
				ASSETCATALOG_COMPILER_GLOBAL_ACCENT_COLOR_NAME = AccentColor;
				CODE_SIGN_STYLE = Automatic;
				CURRENT_PROJECT_VERSION = 1;
				DEVELOPMENT_ASSET_PATHS = "\"AstroPix/Preview Content\"";
				DEVELOPMENT_TEAM = 5X84839NA6;
				ENABLE_PREVIEWS = YES;
				GENERATE_INFOPLIST_FILE = YES;
				INFOPLIST_KEY_UIApplicationSceneManifest_Generation = YES;
				INFOPLIST_KEY_UIApplicationSupportsIndirectInputEvents = YES;
				INFOPLIST_KEY_UILaunchScreen_Generation = YES;
				INFOPLIST_KEY_UISupportedInterfaceOrientations_iPad = "UIInterfaceOrientationPortrait UIInterfaceOrientationPortraitUpsideDown UIInterfaceOrientationLandscapeLeft UIInterfaceOrientationLandscapeRight";
				INFOPLIST_KEY_UISupportedInterfaceOrientations_iPhone = "UIInterfaceOrientationPortrait UIInterfaceOrientationLandscapeLeft UIInterfaceOrientationLandscapeRight";
				IPHONEOS_DEPLOYMENT_TARGET = 15.0;
				LD_RUNPATH_SEARCH_PATHS = (
					"$(inherited)",
					"@executable_path/Frameworks",
				);
				MARKETING_VERSION = 1.0;
				PRODUCT_BUNDLE_IDENTIFIER = com.nasa.AstroPix;
				PRODUCT_NAME = "$(TARGET_NAME)";
				SWIFT_EMIT_LOC_STRINGS = YES;
				SWIFT_VERSION = 5.0;
				TARGETED_DEVICE_FAMILY = "1,2";
			};
			name = Debug;
		};
		0538BDF22BD4BD570050C268 /* Release */ = {
			isa = XCBuildConfiguration;
			buildSettings = {
				ASSETCATALOG_COMPILER_APPICON_NAME = AppIcon;
				ASSETCATALOG_COMPILER_GLOBAL_ACCENT_COLOR_NAME = AccentColor;
				CODE_SIGN_STYLE = Automatic;
				CURRENT_PROJECT_VERSION = 1;
				DEVELOPMENT_ASSET_PATHS = "\"AstroPix/Preview Content\"";
				DEVELOPMENT_TEAM = 5X84839NA6;
				ENABLE_PREVIEWS = YES;
				GENERATE_INFOPLIST_FILE = YES;
				INFOPLIST_KEY_UIApplicationSceneManifest_Generation = YES;
				INFOPLIST_KEY_UIApplicationSupportsIndirectInputEvents = YES;
				INFOPLIST_KEY_UILaunchScreen_Generation = YES;
				INFOPLIST_KEY_UISupportedInterfaceOrientations_iPad = "UIInterfaceOrientationPortrait UIInterfaceOrientationPortraitUpsideDown UIInterfaceOrientationLandscapeLeft UIInterfaceOrientationLandscapeRight";
				INFOPLIST_KEY_UISupportedInterfaceOrientations_iPhone = "UIInterfaceOrientationPortrait UIInterfaceOrientationLandscapeLeft UIInterfaceOrientationLandscapeRight";
				IPHONEOS_DEPLOYMENT_TARGET = 15.0;
				LD_RUNPATH_SEARCH_PATHS = (
					"$(inherited)",
					"@executable_path/Frameworks",
				);
				MARKETING_VERSION = 1.0;
				PRODUCT_BUNDLE_IDENTIFIER = com.nasa.AstroPix;
				PRODUCT_NAME = "$(TARGET_NAME)";
				SWIFT_EMIT_LOC_STRINGS = YES;
				SWIFT_VERSION = 5.0;
				TARGETED_DEVICE_FAMILY = "1,2";
			};
			name = Release;
		};
		0538BDF42BD4BD570050C268 /* Debug */ = {
			isa = XCBuildConfiguration;
			buildSettings = {
				ALWAYS_EMBED_SWIFT_STANDARD_LIBRARIES = YES;
				BUNDLE_LOADER = "$(TEST_HOST)";
				CODE_SIGN_STYLE = Automatic;
				CURRENT_PROJECT_VERSION = 1;
				DEVELOPMENT_TEAM = 5X84839NA6;
				GENERATE_INFOPLIST_FILE = YES;
				IPHONEOS_DEPLOYMENT_TARGET = 17.4;
				MARKETING_VERSION = 1.0;
				PRODUCT_BUNDLE_IDENTIFIER = com.nasa.AstroPixTests;
				PRODUCT_NAME = "$(TARGET_NAME)";
				SWIFT_EMIT_LOC_STRINGS = NO;
				SWIFT_VERSION = 5.0;
				TARGETED_DEVICE_FAMILY = "1,2";
				TEST_HOST = "$(BUILT_PRODUCTS_DIR)/AstroPix.app/$(BUNDLE_EXECUTABLE_FOLDER_PATH)/AstroPix";
			};
			name = Debug;
		};
		0538BDF52BD4BD570050C268 /* Release */ = {
			isa = XCBuildConfiguration;
			buildSettings = {
				ALWAYS_EMBED_SWIFT_STANDARD_LIBRARIES = YES;
				BUNDLE_LOADER = "$(TEST_HOST)";
				CODE_SIGN_STYLE = Automatic;
				CURRENT_PROJECT_VERSION = 1;
				DEVELOPMENT_TEAM = 5X84839NA6;
				GENERATE_INFOPLIST_FILE = YES;
				IPHONEOS_DEPLOYMENT_TARGET = 17.4;
				MARKETING_VERSION = 1.0;
				PRODUCT_BUNDLE_IDENTIFIER = com.nasa.AstroPixTests;
				PRODUCT_NAME = "$(TARGET_NAME)";
				SWIFT_EMIT_LOC_STRINGS = NO;
				SWIFT_VERSION = 5.0;
				TARGETED_DEVICE_FAMILY = "1,2";
				TEST_HOST = "$(BUILT_PRODUCTS_DIR)/AstroPix.app/$(BUNDLE_EXECUTABLE_FOLDER_PATH)/AstroPix";
			};
			name = Release;
		};
		0538BDF72BD4BD570050C268 /* Debug */ = {
			isa = XCBuildConfiguration;
			buildSettings = {
				ALWAYS_EMBED_SWIFT_STANDARD_LIBRARIES = YES;
				CODE_SIGN_STYLE = Automatic;
				CURRENT_PROJECT_VERSION = 1;
				DEVELOPMENT_TEAM = 5X84839NA6;
				GENERATE_INFOPLIST_FILE = YES;
				MARKETING_VERSION = 1.0;
				PRODUCT_BUNDLE_IDENTIFIER = com.nasa.AstroPixUITests;
				PRODUCT_NAME = "$(TARGET_NAME)";
				SWIFT_EMIT_LOC_STRINGS = NO;
				SWIFT_VERSION = 5.0;
				TARGETED_DEVICE_FAMILY = "1,2";
				TEST_TARGET_NAME = AstroPix;
			};
			name = Debug;
		};
		0538BDF82BD4BD570050C268 /* Release */ = {
			isa = XCBuildConfiguration;
			buildSettings = {
				ALWAYS_EMBED_SWIFT_STANDARD_LIBRARIES = YES;
				CODE_SIGN_STYLE = Automatic;
				CURRENT_PROJECT_VERSION = 1;
				DEVELOPMENT_TEAM = 5X84839NA6;
				GENERATE_INFOPLIST_FILE = YES;
				MARKETING_VERSION = 1.0;
				PRODUCT_BUNDLE_IDENTIFIER = com.nasa.AstroPixUITests;
				PRODUCT_NAME = "$(TARGET_NAME)";
				SWIFT_EMIT_LOC_STRINGS = NO;
				SWIFT_VERSION = 5.0;
				TARGETED_DEVICE_FAMILY = "1,2";
				TEST_TARGET_NAME = AstroPix;
			};
			name = Release;
		};
/* End XCBuildConfiguration section */

/* Begin XCConfigurationList section */
		0538BDC72BD4BD520050C268 /* Build configuration list for PBXProject "AstroPix" */ = {
			isa = XCConfigurationList;
			buildConfigurations = (
				0538BDEE2BD4BD570050C268 /* Debug */,
				0538BDEF2BD4BD570050C268 /* Release */,
			);
			defaultConfigurationIsVisible = 0;
			defaultConfigurationName = Release;
		};
		0538BDF02BD4BD570050C268 /* Build configuration list for PBXNativeTarget "AstroPix" */ = {
			isa = XCConfigurationList;
			buildConfigurations = (
				0538BDF12BD4BD570050C268 /* Debug */,
				0538BDF22BD4BD570050C268 /* Release */,
			);
			defaultConfigurationIsVisible = 0;
			defaultConfigurationName = Release;
		};
		0538BDF32BD4BD570050C268 /* Build configuration list for PBXNativeTarget "AstroPixTests" */ = {
			isa = XCConfigurationList;
			buildConfigurations = (
				0538BDF42BD4BD570050C268 /* Debug */,
				0538BDF52BD4BD570050C268 /* Release */,
			);
			defaultConfigurationIsVisible = 0;
			defaultConfigurationName = Release;
		};
		0538BDF62BD4BD570050C268 /* Build configuration list for PBXNativeTarget "AstroPixUITests" */ = {
			isa = XCConfigurationList;
			buildConfigurations = (
				0538BDF72BD4BD570050C268 /* Debug */,
				0538BDF82BD4BD570050C268 /* Release */,
			);
			defaultConfigurationIsVisible = 0;
			defaultConfigurationName = Release;
		};
/* End XCConfigurationList section */
	};
	rootObject = 0538BDC42BD4BD520050C268 /* Project object */;
}
